
Microsoft Visual Studio Solution File, Format Version 12.00
# Visual Studio Version 16
VisualStudioVersion = 16.0.32228.343
MinimumVisualStudioVersion = 10.0.40219.1
Project("{8BC9CEB8-8B4A-11D0-8D11-00A0C91BC942}") = "ArrangedFigureRegionCheck", "ArrangedFigureRegionCheck.vcxproj", "{33D5D865-8985-4517-BA95-E92BC220BCED}"
EndProject
Global
	GlobalSection(SolutionConfigurationPlatforms) = preSolution
		Debug|x64 = Debug|x64
		Debug|x86 = Debug|x86
		Release|x64 = Release|x64
		Release|x86 = Release|x86
	EndGlobalSection
	GlobalSection(ProjectConfigurationPlatforms) = postSolution
		{33D5D865-8985-4517-BA95-E92BC220BCED}.Debug|x64.ActiveCfg = Debug|x64
		{33D5D865-8985-4517-BA95-E92BC220BCED}.Debug|x64.Build.0 = Debug|x64
		{33D5D865-8985-4517-BA95-E92BC220BCED}.Debug|x86.ActiveCfg = Debug|Win32
		{33D5D865-8985-4517-BA95-E92BC220BCED}.Debug|x86.Build.0 = Debug|Win32
		{33D5D865-8985-4517-BA95-E92BC220BCED}.Release|x64.ActiveCfg = Release|x64
		{33D5D865-8985-4517-BA95-E92BC220BCED}.Release|x64.Build.0 = Release|x64
		{33D5D865-8985-4517-BA95-E92BC220BCED}.Release|x86.ActiveCfg = Release|Win32
		{33D5D865-8985-4517-BA95-E92BC220BCED}.Release|x86.Build.0 = Release|Win32
	EndGlobalSection
	GlobalSection(SolutionProperties) = preSolution
		HideSolutionNode = FALSE
	EndGlobalSection
	GlobalSection(ExtensibilityGlobals) = postSolution
		SolutionGuid = {97061444-14F4-4BDE-B986-33EC42A38A8F}
	EndGlobalSection
EndGlobal
